
Microsoft Visual Studio Solution File, Format Version 12.00
# Visual Studio Version 16
VisualStudioVersion = 16.0.30804.86
MinimumVisualStudioVersion = 10.0.40219.1
Project("{FAE04EC0-301F-11D3-BF4B-00C04F79EFBC}") = "GameRoomREST", "GameRoomREST\GameRoomREST.csproj", "{BA1F3418-ACFE-49EC-AE5E-0A17EB0E980D}"
EndProject
Global
	GlobalSection(SolutionConfigurationPlatforms) = preSolution
		Debug|Any CPU = Debug|Any CPU
		Release|Any CPU = Release|Any CPU
	EndGlobalSection
	GlobalSection(ProjectConfigurationPlatforms) = postSolution
		{BA1F3418-ACFE-49EC-AE5E-0A17EB0E980D}.Debug|Any CPU.ActiveCfg = Debug|Any CPU
		{BA1F3418-ACFE-49EC-AE5E-0A17EB0E980D}.Debug|Any CPU.Build.0 = Debug|Any CPU
		{BA1F3418-ACFE-49EC-AE5E-0A17EB0E980D}.Release|Any CPU.ActiveCfg = Release|Any CPU
		{BA1F3418-ACFE-49EC-AE5E-0A17EB0E980D}.Release|Any CPU.Build.0 = Release|Any CPU
	EndGlobalSection
	GlobalSection(SolutionProperties) = preSolution
		HideSolutionNode = FALSE
	EndGlobalSection
	GlobalSection(ExtensibilityGlobals) = postSolution
		SolutionGuid = {FF05828E-22C7-4C2C-9F90-99F9B01D2E27}
	EndGlobalSection
EndGlobal
